// !$*UTF8*$!
{
	archiveVersion = 1;
	classes = {
	};
	objectVersion = 55;
	objects = {

/* Begin PBXBuildFile section */
		A5177C6228BBACD200C3C2ED /* QuestionFactoryProtocol.swift in Sources */ = {isa = PBXBuildFile; fileRef = A5177C6128BBACD200C3C2ED /* QuestionFactoryProtocol.swift */; };
		A54DAC4228C88D0900870BE2 /* QuestionNetworkFactory.swift in Sources */ = {isa = PBXBuildFile; fileRef = A54DAC4128C88D0900870BE2 /* QuestionNetworkFactory.swift */; };
		A551466A28AAC96000996A13 /* QuizQuestionModel.swift in Sources */ = {isa = PBXBuildFile; fileRef = A551466928AAC96000996A13 /* QuizQuestionModel.swift */; };
		A551466C28AAC98700996A13 /* QuizQuestionViewModel.swift in Sources */ = {isa = PBXBuildFile; fileRef = A551466B28AAC98700996A13 /* QuizQuestionViewModel.swift */; };
		A551467028AAC9DA00996A13 /* AnsweredStore.swift in Sources */ = {isa = PBXBuildFile; fileRef = A551466F28AAC9DA00996A13 /* AnsweredStore.swift */; };
		A551467328AACA4800996A13 /* UILabel+Theme.swift in Sources */ = {isa = PBXBuildFile; fileRef = A551467228AACA4800996A13 /* UILabel+Theme.swift */; };
		A551467528AACA6600996A13 /* UIButton+Theme.swift in Sources */ = {isa = PBXBuildFile; fileRef = A551467428AACA6600996A13 /* UIButton+Theme.swift */; };
		A551467A28AAEC8100996A13 /* QuizModel.swift in Sources */ = {isa = PBXBuildFile; fileRef = A551467928AAEC8100996A13 /* QuizModel.swift */; };
		A551467D28AAED0E00996A13 /* ThemeFonts.swift in Sources */ = {isa = PBXBuildFile; fileRef = A551467C28AAED0E00996A13 /* ThemeFonts.swift */; };
		A57EB35828A53DD700BC9A74 /* YS Display-Bold.ttf in Resources */ = {isa = PBXBuildFile; fileRef = A57EB35628A53DD700BC9A74 /* YS Display-Bold.ttf */; };
		A57EB35928A53DD700BC9A74 /* YS Display-Medium.ttf in Resources */ = {isa = PBXBuildFile; fileRef = A57EB35728A53DD700BC9A74 /* YS Display-Medium.ttf */; };
		A588935228BC1D65003711AD /* StatisticServiceProtocol.swift in Sources */ = {isa = PBXBuildFile; fileRef = A588935128BC1D65003711AD /* StatisticServiceProtocol.swift */; };
		A588935428BC1E82003711AD /* StatisticMockService.swift in Sources */ = {isa = PBXBuildFile; fileRef = A588935328BC1E82003711AD /* StatisticMockService.swift */; };
		A589358B28C9C29B00B219EC /* NetworkClient.swift in Sources */ = {isa = PBXBuildFile; fileRef = A589358A28C9C29B00B219EC /* NetworkClient.swift */; };
		A589359228C9F6F000B219EC /* MoviesDataResponse.swift in Sources */ = {isa = PBXBuildFile; fileRef = A589359128C9F6F000B219EC /* MoviesDataResponse.swift */; };
		A589359428C9F6FF00B219EC /* MovieModel.swift in Sources */ = {isa = PBXBuildFile; fileRef = A589359328C9F6FF00B219EC /* MovieModel.swift */; };
		A589359628CA206300B219EC /* QuestionFactoryDelegate.swift in Sources */ = {isa = PBXBuildFile; fileRef = A589359528CA206300B219EC /* QuestionFactoryDelegate.swift */; };
		A589359B28CA883B00B219EC /* ResultAlertPresenter.swift in Sources */ = {isa = PBXBuildFile; fileRef = A589359A28CA883B00B219EC /* ResultAlertPresenter.swift */; };
		A589359D28CA94D600B219EC /* Float+Extension.swift in Sources */ = {isa = PBXBuildFile; fileRef = A589359C28CA94D600B219EC /* Float+Extension.swift */; };
		A589359F28CA9B0D00B219EC /* NetworkError.swift in Sources */ = {isa = PBXBuildFile; fileRef = A589359E28CA9B0D00B219EC /* NetworkError.swift */; };
		A5BBC38428F05631000CBFC1 /* ArrayTests.swift in Sources */ = {isa = PBXBuildFile; fileRef = A5BBC38328F05631000CBFC1 /* ArrayTests.swift */; };
		A5BBC38628F059DE000CBFC1 /* QuestionNetworkFactoryTest.swift in Sources */ = {isa = PBXBuildFile; fileRef = A5BBC38528F059DE000CBFC1 /* QuestionNetworkFactoryTest.swift */; };
		A5BBC38828F0D9F6000CBFC1 /* IMDBError.swift in Sources */ = {isa = PBXBuildFile; fileRef = A5BBC38728F0D9F6000CBFC1 /* IMDBError.swift */; };
		A5EBE3B328C781FD00701A40 /* StatisticDefaultService.swift in Sources */ = {isa = PBXBuildFile; fileRef = A5EBE3B228C781FD00701A40 /* StatisticDefaultService.swift */; };
		A5EBE3B528C786AA00701A40 /* StatisticViewModel.swift in Sources */ = {isa = PBXBuildFile; fileRef = A5EBE3B428C786AA00701A40 /* StatisticViewModel.swift */; };
		AD1ABAB22831907B00B3E448 /* AppDelegate.swift in Sources */ = {isa = PBXBuildFile; fileRef = AD1ABAB12831907B00B3E448 /* AppDelegate.swift */; };
		AD1ABAB42831907B00B3E448 /* SceneDelegate.swift in Sources */ = {isa = PBXBuildFile; fileRef = AD1ABAB32831907B00B3E448 /* SceneDelegate.swift */; };
		AD1ABAB62831907B00B3E448 /* MovieQuizViewController.swift in Sources */ = {isa = PBXBuildFile; fileRef = AD1ABAB52831907B00B3E448 /* MovieQuizViewController.swift */; };
		AD1ABAB92831907B00B3E448 /* Main.storyboard in Resources */ = {isa = PBXBuildFile; fileRef = AD1ABAB72831907B00B3E448 /* Main.storyboard */; };
		AD1ABABB2831907F00B3E448 /* Assets.xcassets in Resources */ = {isa = PBXBuildFile; fileRef = AD1ABABA2831907F00B3E448 /* Assets.xcassets */; };
		AD1ABABE2831907F00B3E448 /* LaunchScreen.storyboard in Resources */ = {isa = PBXBuildFile; fileRef = AD1ABABC2831907F00B3E448 /* LaunchScreen.storyboard */; };
		AD5EE5DE284D7887003966EF /* UIColor+Extensions.swift in Sources */ = {isa = PBXBuildFile; fileRef = AD5EE5DD284D7887003966EF /* UIColor+Extensions.swift */; };
		AD77F5742857F8810062FB14 /* Date+Extensions.swift in Sources */ = {isa = PBXBuildFile; fileRef = AD77F5732857F8810062FB14 /* Date+Extensions.swift */; };
		AD7AFA552836189F00399704 /* Array+Extensions.swift in Sources */ = {isa = PBXBuildFile; fileRef = AD7AFA542836189F00399704 /* Array+Extensions.swift */; };
/* End PBXBuildFile section */

/* Begin PBXContainerItemProxy section */
		A5BBC37E28F05031000CBFC1 /* PBXContainerItemProxy */ = {
			isa = PBXContainerItemProxy;
			containerPortal = AD1ABAA62831907B00B3E448 /* Project object */;
			proxyType = 1;
			remoteGlobalIDString = AD1ABAAD2831907B00B3E448;
			remoteInfo = MovieQuiz;
		};
/* End PBXContainerItemProxy section */

/* Begin PBXFileReference section */
		A5177C6128BBACD200C3C2ED /* QuestionFactoryProtocol.swift */ = {isa = PBXFileReference; lastKnownFileType = sourcecode.swift; path = QuestionFactoryProtocol.swift; sourceTree = "<group>"; };
		A54DAC4128C88D0900870BE2 /* QuestionNetworkFactory.swift */ = {isa = PBXFileReference; lastKnownFileType = sourcecode.swift; path = QuestionNetworkFactory.swift; sourceTree = "<group>"; };
		A551466928AAC96000996A13 /* QuizQuestionModel.swift */ = {isa = PBXFileReference; lastKnownFileType = sourcecode.swift; name = QuizQuestionModel.swift; path = MovieQuiz/Models/Quiz/QuizQuestionModel.swift; sourceTree = SOURCE_ROOT; };
		A551466B28AAC98700996A13 /* QuizQuestionViewModel.swift */ = {isa = PBXFileReference; lastKnownFileType = sourcecode.swift; name = QuizQuestionViewModel.swift; path = MovieQuiz/Models/Quiz/QuizQuestionViewModel.swift; sourceTree = SOURCE_ROOT; };
		A551466F28AAC9DA00996A13 /* AnsweredStore.swift */ = {isa = PBXFileReference; lastKnownFileType = sourcecode.swift; name = AnsweredStore.swift; path = MovieQuiz/Models/AnsweredStore.swift; sourceTree = SOURCE_ROOT; };
		A551467228AACA4800996A13 /* UILabel+Theme.swift */ = {isa = PBXFileReference; lastKnownFileType = sourcecode.swift; path = "UILabel+Theme.swift"; sourceTree = "<group>"; };
		A551467428AACA6600996A13 /* UIButton+Theme.swift */ = {isa = PBXFileReference; lastKnownFileType = sourcecode.swift; path = "UIButton+Theme.swift"; sourceTree = "<group>"; };
		A551467928AAEC8100996A13 /* QuizModel.swift */ = {isa = PBXFileReference; lastKnownFileType = sourcecode.swift; path = QuizModel.swift; sourceTree = "<group>"; };
		A551467C28AAED0E00996A13 /* ThemeFonts.swift */ = {isa = PBXFileReference; lastKnownFileType = sourcecode.swift; path = ThemeFonts.swift; sourceTree = "<group>"; };
		A57EB35628A53DD700BC9A74 /* YS Display-Bold.ttf */ = {isa = PBXFileReference; lastKnownFileType = file; path = "YS Display-Bold.ttf"; sourceTree = "<group>"; };
		A57EB35728A53DD700BC9A74 /* YS Display-Medium.ttf */ = {isa = PBXFileReference; lastKnownFileType = file; path = "YS Display-Medium.ttf"; sourceTree = "<group>"; };
		A588935128BC1D65003711AD /* StatisticServiceProtocol.swift */ = {isa = PBXFileReference; lastKnownFileType = sourcecode.swift; path = StatisticServiceProtocol.swift; sourceTree = "<group>"; };
		A588935328BC1E82003711AD /* StatisticMockService.swift */ = {isa = PBXFileReference; lastKnownFileType = sourcecode.swift; path = StatisticMockService.swift; sourceTree = "<group>"; };
		A589358A28C9C29B00B219EC /* NetworkClient.swift */ = {isa = PBXFileReference; lastKnownFileType = sourcecode.swift; path = NetworkClient.swift; sourceTree = "<group>"; };
		A589359128C9F6F000B219EC /* MoviesDataResponse.swift */ = {isa = PBXFileReference; lastKnownFileType = sourcecode.swift; path = MoviesDataResponse.swift; sourceTree = "<group>"; };
		A589359328C9F6FF00B219EC /* MovieModel.swift */ = {isa = PBXFileReference; lastKnownFileType = sourcecode.swift; path = MovieModel.swift; sourceTree = "<group>"; };
		A589359528CA206300B219EC /* QuestionFactoryDelegate.swift */ = {isa = PBXFileReference; lastKnownFileType = sourcecode.swift; path = QuestionFactoryDelegate.swift; sourceTree = "<group>"; };
		A589359A28CA883B00B219EC /* ResultAlertPresenter.swift */ = {isa = PBXFileReference; lastKnownFileType = sourcecode.swift; path = ResultAlertPresenter.swift; sourceTree = "<group>"; };
		A589359C28CA94D600B219EC /* Float+Extension.swift */ = {isa = PBXFileReference; lastKnownFileType = sourcecode.swift; path = "Float+Extension.swift"; sourceTree = "<group>"; };
		A589359E28CA9B0D00B219EC /* NetworkError.swift */ = {isa = PBXFileReference; lastKnownFileType = sourcecode.swift; path = NetworkError.swift; sourceTree = "<group>"; };
		A5BBC37A28F05031000CBFC1 /* MovieQuizTests.xctest */ = {isa = PBXFileReference; explicitFileType = wrapper.cfbundle; includeInIndex = 0; path = MovieQuizTests.xctest; sourceTree = BUILT_PRODUCTS_DIR; };
		A5BBC38328F05631000CBFC1 /* ArrayTests.swift */ = {isa = PBXFileReference; lastKnownFileType = sourcecode.swift; path = ArrayTests.swift; sourceTree = "<group>"; };
		A5BBC38528F059DE000CBFC1 /* QuestionNetworkFactoryTest.swift */ = {isa = PBXFileReference; lastKnownFileType = sourcecode.swift; path = QuestionNetworkFactoryTest.swift; sourceTree = "<group>"; };
		A5BBC38728F0D9F6000CBFC1 /* IMDBError.swift */ = {isa = PBXFileReference; lastKnownFileType = sourcecode.swift; path = IMDBError.swift; sourceTree = "<group>"; };
		A5EBE3B228C781FD00701A40 /* StatisticDefaultService.swift */ = {isa = PBXFileReference; lastKnownFileType = sourcecode.swift; path = StatisticDefaultService.swift; sourceTree = "<group>"; };
		A5EBE3B428C786AA00701A40 /* StatisticViewModel.swift */ = {isa = PBXFileReference; lastKnownFileType = sourcecode.swift; path = StatisticViewModel.swift; sourceTree = "<group>"; };
		AD1ABAAE2831907B00B3E448 /* MovieQuiz.app */ = {isa = PBXFileReference; explicitFileType = wrapper.application; includeInIndex = 0; path = MovieQuiz.app; sourceTree = BUILT_PRODUCTS_DIR; };
		AD1ABAB12831907B00B3E448 /* AppDelegate.swift */ = {isa = PBXFileReference; lastKnownFileType = sourcecode.swift; path = AppDelegate.swift; sourceTree = "<group>"; };
		AD1ABAB32831907B00B3E448 /* SceneDelegate.swift */ = {isa = PBXFileReference; lastKnownFileType = sourcecode.swift; path = SceneDelegate.swift; sourceTree = "<group>"; };
		AD1ABAB52831907B00B3E448 /* MovieQuizViewController.swift */ = {isa = PBXFileReference; lastKnownFileType = sourcecode.swift; path = MovieQuizViewController.swift; sourceTree = "<group>"; };
		AD1ABAB82831907B00B3E448 /* Base */ = {isa = PBXFileReference; lastKnownFileType = file.storyboard; name = Base; path = Base.lproj/Main.storyboard; sourceTree = "<group>"; };
		AD1ABABA2831907F00B3E448 /* Assets.xcassets */ = {isa = PBXFileReference; lastKnownFileType = folder.assetcatalog; path = Assets.xcassets; sourceTree = "<group>"; };
		AD1ABABD2831907F00B3E448 /* Base */ = {isa = PBXFileReference; lastKnownFileType = file.storyboard; name = Base; path = Base.lproj/LaunchScreen.storyboard; sourceTree = "<group>"; };
		AD1ABABF2831907F00B3E448 /* Info.plist */ = {isa = PBXFileReference; lastKnownFileType = text.plist.xml; path = Info.plist; sourceTree = "<group>"; };
		AD5EE5DD284D7887003966EF /* UIColor+Extensions.swift */ = {isa = PBXFileReference; fileEncoding = 4; lastKnownFileType = sourcecode.swift; path = "UIColor+Extensions.swift"; sourceTree = "<group>"; };
		AD77F5732857F8810062FB14 /* Date+Extensions.swift */ = {isa = PBXFileReference; lastKnownFileType = sourcecode.swift; path = "Date+Extensions.swift"; sourceTree = "<group>"; };
		AD7AFA542836189F00399704 /* Array+Extensions.swift */ = {isa = PBXFileReference; lastKnownFileType = sourcecode.swift; path = "Array+Extensions.swift"; sourceTree = "<group>"; };
/* End PBXFileReference section */

/* Begin PBXFrameworksBuildPhase section */
		A5BBC37728F05031000CBFC1 /* Frameworks */ = {
			isa = PBXFrameworksBuildPhase;
			buildActionMask = 2147483647;
			files = (
			);
			runOnlyForDeploymentPostprocessing = 0;
		};
		AD1ABAAB2831907B00B3E448 /* Frameworks */ = {
			isa = PBXFrameworksBuildPhase;
			buildActionMask = 2147483647;
			files = (
			);
			runOnlyForDeploymentPostprocessing = 0;
		};
/* End PBXFrameworksBuildPhase section */

/* Begin PBXGroup section */
		8F4738322848DE2A005DF65E /* Presentation */ = {
			isa = PBXGroup;
			children = (
				AD1ABAB52831907B00B3E448 /* MovieQuizViewController.swift */,
				AD1ABAB72831907B00B3E448 /* Main.storyboard */,
			);
			path = Presentation;
			sourceTree = "<group>";
		};
		8F4738332848DE46005DF65E /* Resources */ = {
			isa = PBXGroup;
			children = (
				A57EB35528A53DD700BC9A74 /* fonts */,
				AD1ABABC2831907F00B3E448 /* LaunchScreen.storyboard */,
				AD1ABABA2831907F00B3E448 /* Assets.xcassets */,
				AD1ABABF2831907F00B3E448 /* Info.plist */,
			);
			path = Resources;
			sourceTree = "<group>";
		};
		8F474D27287254B000E1AE5F /* Services */ = {
			isa = PBXGroup;
			children = (
				A589358C28C9C3E500B219EC /* Imdb */,
				A588935628BC3843003711AD /* Question */,
				A588935528BC3838003711AD /* StatisticStorage */,
				A589358A28C9C29B00B219EC /* NetworkClient.swift */,
				A589359A28CA883B00B219EC /* ResultAlertPresenter.swift */,
			);
			path = Services;
			sourceTree = "<group>";
		};
		A511F0B828BD70C5000230AD /* Quiz */ = {
			isa = PBXGroup;
			children = (
				A551466928AAC96000996A13 /* QuizQuestionModel.swift */,
				A551466B28AAC98700996A13 /* QuizQuestionViewModel.swift */,
				A551467928AAEC8100996A13 /* QuizModel.swift */,
			);
			path = Quiz;
			sourceTree = "<group>";
		};
		A551467628AACF7700996A13 /* Models */ = {
			isa = PBXGroup;
			children = (
				A511F0B828BD70C5000230AD /* Quiz */,
				A551466F28AAC9DA00996A13 /* AnsweredStore.swift */,
				A5EBE3B428C786AA00701A40 /* StatisticViewModel.swift */,
			);
			path = Models;
			sourceTree = "<group>";
		};
		A57EB35528A53DD700BC9A74 /* fonts */ = {
			isa = PBXGroup;
			children = (
				A57EB35628A53DD700BC9A74 /* YS Display-Bold.ttf */,
				A57EB35728A53DD700BC9A74 /* YS Display-Medium.ttf */,
			);
			path = fonts;
			sourceTree = "<group>";
		};
		A588934C28BC1409003711AD /* Theme */ = {
			isa = PBXGroup;
			children = (
				A551467428AACA6600996A13 /* UIButton+Theme.swift */,
				A551467228AACA4800996A13 /* UILabel+Theme.swift */,
				A551467C28AAED0E00996A13 /* ThemeFonts.swift */,
			);
			path = Theme;
			sourceTree = "<group>";
		};
		A588935528BC3838003711AD /* StatisticStorage */ = {
			isa = PBXGroup;
			children = (
				A588935328BC1E82003711AD /* StatisticMockService.swift */,
				A588935128BC1D65003711AD /* StatisticServiceProtocol.swift */,
				A5EBE3B228C781FD00701A40 /* StatisticDefaultService.swift */,
			);
			path = StatisticStorage;
			sourceTree = "<group>";
		};
		A588935628BC3843003711AD /* Question */ = {
			isa = PBXGroup;
			children = (
				A5177C6128BBACD200C3C2ED /* QuestionFactoryProtocol.swift */,
				A54DAC4128C88D0900870BE2 /* QuestionNetworkFactory.swift */,
				A589359528CA206300B219EC /* QuestionFactoryDelegate.swift */,
			);
			path = Question;
			sourceTree = "<group>";
		};
		A589358C28C9C3E500B219EC /* Imdb */ = {
			isa = PBXGroup;
			children = (
				A589359128C9F6F000B219EC /* MoviesDataResponse.swift */,
				A589359328C9F6FF00B219EC /* MovieModel.swift */,
			);
			path = Imdb;
			sourceTree = "<group>";
		};
		A589359728CA278200B219EC /* Errors */ = {
			isa = PBXGroup;
			children = (
				A589359E28CA9B0D00B219EC /* NetworkError.swift */,
				A5BBC38728F0D9F6000CBFC1 /* IMDBError.swift */,
			);
			path = Errors;
			sourceTree = "<group>";
		};
		A5BBC37B28F05031000CBFC1 /* MovieQuizTests */ = {
			isa = PBXGroup;
			children = (
				A5BBC38328F05631000CBFC1 /* ArrayTests.swift */,
				A5BBC38528F059DE000CBFC1 /* QuestionNetworkFactoryTest.swift */,
			);
			path = MovieQuizTests;
			sourceTree = "<group>";
		};
		AD1ABAA52831907B00B3E448 = {
			isa = PBXGroup;
			children = (
				AD1ABAB02831907B00B3E448 /* MovieQuiz */,
				A5BBC37B28F05031000CBFC1 /* MovieQuizTests */,
				AD1ABAAF2831907B00B3E448 /* Products */,
			);
			sourceTree = "<group>";
		};
		AD1ABAAF2831907B00B3E448 /* Products */ = {
			isa = PBXGroup;
			children = (
				AD1ABAAE2831907B00B3E448 /* MovieQuiz.app */,
				A5BBC37A28F05031000CBFC1 /* MovieQuizTests.xctest */,
			);
			name = Products;
			sourceTree = "<group>";
		};
		AD1ABAB02831907B00B3E448 /* MovieQuiz */ = {
			isa = PBXGroup;
			children = (
				A589359728CA278200B219EC /* Errors */,
				A588934C28BC1409003711AD /* Theme */,
				A551467628AACF7700996A13 /* Models */,
				8F4738322848DE2A005DF65E /* Presentation */,
				8F474D27287254B000E1AE5F /* Services */,
				ADF0CF75283FDAA10075F54D /* Helpers */,
				8F4738332848DE46005DF65E /* Resources */,
				AD1ABAB12831907B00B3E448 /* AppDelegate.swift */,
				AD1ABAB32831907B00B3E448 /* SceneDelegate.swift */,
			);
			path = MovieQuiz;
			sourceTree = "<group>";
		};
		ADF0CF75283FDAA10075F54D /* Helpers */ = {
			isa = PBXGroup;
			children = (
				AD5EE5DD284D7887003966EF /* UIColor+Extensions.swift */,
				AD7AFA542836189F00399704 /* Array+Extensions.swift */,
				AD77F5732857F8810062FB14 /* Date+Extensions.swift */,
				A589359C28CA94D600B219EC /* Float+Extension.swift */,
			);
			path = Helpers;
			sourceTree = "<group>";
		};
/* End PBXGroup section */

/* Begin PBXNativeTarget section */
		A5BBC37928F05031000CBFC1 /* MovieQuizTests */ = {
			isa = PBXNativeTarget;
			buildConfigurationList = A5BBC38028F05031000CBFC1 /* Build configuration list for PBXNativeTarget "MovieQuizTests" */;
			buildPhases = (
				A5BBC37628F05031000CBFC1 /* Sources */,
				A5BBC37728F05031000CBFC1 /* Frameworks */,
				A5BBC37828F05031000CBFC1 /* Resources */,
			);
			buildRules = (
			);
			dependencies = (
				A5BBC37F28F05031000CBFC1 /* PBXTargetDependency */,
			);
			name = MovieQuizTests;
			productName = MovieQuizTests;
			productReference = A5BBC37A28F05031000CBFC1 /* MovieQuizTests.xctest */;
			productType = "com.apple.product-type.bundle.unit-test";
		};
		AD1ABAAD2831907B00B3E448 /* MovieQuiz */ = {
			isa = PBXNativeTarget;
			buildConfigurationList = AD1ABAC22831907F00B3E448 /* Build configuration list for PBXNativeTarget "MovieQuiz" */;
			buildPhases = (
				AD1ABAAA2831907B00B3E448 /* Sources */,
				AD1ABAAB2831907B00B3E448 /* Frameworks */,
				AD77F5722857EDD20062FB14 /* Run SwiftLint */,
				AD1ABAAC2831907B00B3E448 /* Resources */,
			);
			buildRules = (
			);
			dependencies = (
			);
			name = MovieQuiz;
			productName = MovieQuiz;
			productReference = AD1ABAAE2831907B00B3E448 /* MovieQuiz.app */;
			productType = "com.apple.product-type.application";
		};
/* End PBXNativeTarget section */

/* Begin PBXProject section */
		AD1ABAA62831907B00B3E448 /* Project object */ = {
			isa = PBXProject;
			attributes = {
				BuildIndependentTargetsInParallel = 1;
				LastSwiftUpdateCheck = 1400;
				LastUpgradeCheck = 1330;
				ORGANIZATIONNAME = "";
				TargetAttributes = {
					A5BBC37928F05031000CBFC1 = {
						CreatedOnToolsVersion = 14.0.1;
						TestTargetID = AD1ABAAD2831907B00B3E448;
					};
					AD1ABAAD2831907B00B3E448 = {
						CreatedOnToolsVersion = 13.3.1;
					};
				};
			};
			buildConfigurationList = AD1ABAA92831907B00B3E448 /* Build configuration list for PBXProject "MovieQuiz" */;
			compatibilityVersion = "Xcode 13.0";
			developmentRegion = en;
			hasScannedForEncodings = 0;
			knownRegions = (
				en,
				Base,
			);
			mainGroup = AD1ABAA52831907B00B3E448;
			productRefGroup = AD1ABAAF2831907B00B3E448 /* Products */;
			projectDirPath = "";
			projectRoot = "";
			targets = (
				AD1ABAAD2831907B00B3E448 /* MovieQuiz */,
				A5BBC37928F05031000CBFC1 /* MovieQuizTests */,
			);
		};
/* End PBXProject section */

/* Begin PBXResourcesBuildPhase section */
		A5BBC37828F05031000CBFC1 /* Resources */ = {
			isa = PBXResourcesBuildPhase;
			buildActionMask = 2147483647;
			files = (
			);
			runOnlyForDeploymentPostprocessing = 0;
		};
		AD1ABAAC2831907B00B3E448 /* Resources */ = {
			isa = PBXResourcesBuildPhase;
			buildActionMask = 2147483647;
			files = (
				AD1ABABE2831907F00B3E448 /* LaunchScreen.storyboard in Resources */,
				AD1ABABB2831907F00B3E448 /* Assets.xcassets in Resources */,
				AD1ABAB92831907B00B3E448 /* Main.storyboard in Resources */,
				A57EB35828A53DD700BC9A74 /* YS Display-Bold.ttf in Resources */,
				A57EB35928A53DD700BC9A74 /* YS Display-Medium.ttf in Resources */,
			);
			runOnlyForDeploymentPostprocessing = 0;
		};
/* End PBXResourcesBuildPhase section */

/* Begin PBXShellScriptBuildPhase section */
		AD77F5722857EDD20062FB14 /* Run SwiftLint */ = {
			isa = PBXShellScriptBuildPhase;
			buildActionMask = 2147483647;
			files = (
			);
			inputFileListPaths = (
			);
			inputPaths = (
			);
			name = "Run SwiftLint";
			outputFileListPaths = (
			);
			outputPaths = (
			);
			runOnlyForDeploymentPostprocessing = 0;
			shellPath = /bin/sh;
			shellScript = "if [ ! -f \"${PROJECT_DIR}/.bin/swiftlint\" ]; then\n    echo \"error: SwiftLint not found\"\n    exit 1 \nfi\n\n${PROJECT_DIR}/.bin/swiftlint\n";
		};
/* End PBXShellScriptBuildPhase section */

/* Begin PBXSourcesBuildPhase section */
		A5BBC37628F05031000CBFC1 /* Sources */ = {
			isa = PBXSourcesBuildPhase;
			buildActionMask = 2147483647;
			files = (
				A5BBC38628F059DE000CBFC1 /* QuestionNetworkFactoryTest.swift in Sources */,
				A5BBC38428F05631000CBFC1 /* ArrayTests.swift in Sources */,
			);
			runOnlyForDeploymentPostprocessing = 0;
		};
		AD1ABAAA2831907B00B3E448 /* Sources */ = {
			isa = PBXSourcesBuildPhase;
			buildActionMask = 2147483647;
			files = (
				AD5EE5DE284D7887003966EF /* UIColor+Extensions.swift in Sources */,
				A5EBE3B328C781FD00701A40 /* StatisticDefaultService.swift in Sources */,
				A589359428C9F6FF00B219EC /* MovieModel.swift in Sources */,
				A589359628CA206300B219EC /* QuestionFactoryDelegate.swift in Sources */,
				AD7AFA552836189F00399704 /* Array+Extensions.swift in Sources */,
				A589359F28CA9B0D00B219EC /* NetworkError.swift in Sources */,
				A551467328AACA4800996A13 /* UILabel+Theme.swift in Sources */,
				A589359228C9F6F000B219EC /* MoviesDataResponse.swift in Sources */,
				A551467D28AAED0E00996A13 /* ThemeFonts.swift in Sources */,
				A551466C28AAC98700996A13 /* QuizQuestionViewModel.swift in Sources */,
				AD1ABAB62831907B00B3E448 /* MovieQuizViewController.swift in Sources */,
				A589359D28CA94D600B219EC /* Float+Extension.swift in Sources */,
				A589358B28C9C29B00B219EC /* NetworkClient.swift in Sources */,
				A5BBC38828F0D9F6000CBFC1 /* IMDBError.swift in Sources */,
				A588935228BC1D65003711AD /* StatisticServiceProtocol.swift in Sources */,
				A5177C6228BBACD200C3C2ED /* QuestionFactoryProtocol.swift in Sources */,
				A551467528AACA6600996A13 /* UIButton+Theme.swift in Sources */,
				A5EBE3B528C786AA00701A40 /* StatisticViewModel.swift in Sources */,
				A551467028AAC9DA00996A13 /* AnsweredStore.swift in Sources */,
				A589359B28CA883B00B219EC /* ResultAlertPresenter.swift in Sources */,
				AD77F5742857F8810062FB14 /* Date+Extensions.swift in Sources */,
				A551466A28AAC96000996A13 /* QuizQuestionModel.swift in Sources */,
				A54DAC4228C88D0900870BE2 /* QuestionNetworkFactory.swift in Sources */,
				AD1ABAB22831907B00B3E448 /* AppDelegate.swift in Sources */,
				A551467A28AAEC8100996A13 /* QuizModel.swift in Sources */,
				A588935428BC1E82003711AD /* StatisticMockService.swift in Sources */,
				AD1ABAB42831907B00B3E448 /* SceneDelegate.swift in Sources */,
			);
			runOnlyForDeploymentPostprocessing = 0;
		};
/* End PBXSourcesBuildPhase section */

/* Begin PBXTargetDependency section */
		A5BBC37F28F05031000CBFC1 /* PBXTargetDependency */ = {
			isa = PBXTargetDependency;
			target = AD1ABAAD2831907B00B3E448 /* MovieQuiz */;
			targetProxy = A5BBC37E28F05031000CBFC1 /* PBXContainerItemProxy */;
		};
/* End PBXTargetDependency section */

/* Begin PBXVariantGroup section */
		AD1ABAB72831907B00B3E448 /* Main.storyboard */ = {
			isa = PBXVariantGroup;
			children = (
				AD1ABAB82831907B00B3E448 /* Base */,
			);
			name = Main.storyboard;
			sourceTree = "<group>";
		};
		AD1ABABC2831907F00B3E448 /* LaunchScreen.storyboard */ = {
			isa = PBXVariantGroup;
			children = (
				AD1ABABD2831907F00B3E448 /* Base */,
			);
			name = LaunchScreen.storyboard;
			sourceTree = "<group>";
		};
/* End PBXVariantGroup section */

/* Begin XCBuildConfiguration section */
		A5BBC38128F05031000CBFC1 /* Debug */ = {
			isa = XCBuildConfiguration;
			buildSettings = {
				BUNDLE_LOADER = "$(TEST_HOST)";
				CLANG_CXX_LANGUAGE_STANDARD = "gnu++20";
				CODE_SIGN_STYLE = Automatic;
				CURRENT_PROJECT_VERSION = 1;
				DEVELOPMENT_TEAM = QMTD3Q9RGC;
				GENERATE_INFOPLIST_FILE = YES;
				IPHONEOS_DEPLOYMENT_TARGET = 16.0;
				MARKETING_VERSION = 1.0;
				PRODUCT_BUNDLE_IDENTIFIER = ru.yandex.practicum.MovieQuizTests;
				PRODUCT_NAME = "$(TARGET_NAME)";
				SWIFT_EMIT_LOC_STRINGS = NO;
				SWIFT_VERSION = 5.0;
				TARGETED_DEVICE_FAMILY = "1,2";
				TEST_HOST = "$(BUILT_PRODUCTS_DIR)/MovieQuiz.app/$(BUNDLE_EXECUTABLE_FOLDER_PATH)/MovieQuiz";
			};
			name = Debug;
		};
		A5BBC38228F05031000CBFC1 /* Release */ = {
			isa = XCBuildConfiguration;
			buildSettings = {
				BUNDLE_LOADER = "$(TEST_HOST)";
				CLANG_CXX_LANGUAGE_STANDARD = "gnu++20";
				CODE_SIGN_STYLE = Automatic;
				CURRENT_PROJECT_VERSION = 1;
				DEVELOPMENT_TEAM = QMTD3Q9RGC;
				GENERATE_INFOPLIST_FILE = YES;
				IPHONEOS_DEPLOYMENT_TARGET = 16.0;
				MARKETING_VERSION = 1.0;
				PRODUCT_BUNDLE_IDENTIFIER = ru.yandex.practicum.MovieQuizTests;
				PRODUCT_NAME = "$(TARGET_NAME)";
				SWIFT_EMIT_LOC_STRINGS = NO;
				SWIFT_VERSION = 5.0;
				TARGETED_DEVICE_FAMILY = "1,2";
				TEST_HOST = "$(BUILT_PRODUCTS_DIR)/MovieQuiz.app/$(BUNDLE_EXECUTABLE_FOLDER_PATH)/MovieQuiz";
			};
			name = Release;
		};
		AD1ABAC02831907F00B3E448 /* Debug */ = {
			isa = XCBuildConfiguration;
			buildSettings = {
				ALWAYS_SEARCH_USER_PATHS = NO;
				CLANG_ANALYZER_NONNULL = YES;
				CLANG_ANALYZER_NUMBER_OBJECT_CONVERSION = YES_AGGRESSIVE;
				CLANG_CXX_LANGUAGE_STANDARD = "gnu++17";
				CLANG_ENABLE_MODULES = YES;
				CLANG_ENABLE_OBJC_ARC = YES;
				CLANG_ENABLE_OBJC_WEAK = YES;
				CLANG_WARN_BLOCK_CAPTURE_AUTORELEASING = YES;
				CLANG_WARN_BOOL_CONVERSION = YES;
				CLANG_WARN_COMMA = YES;
				CLANG_WARN_CONSTANT_CONVERSION = YES;
				CLANG_WARN_DEPRECATED_OBJC_IMPLEMENTATIONS = YES;
				CLANG_WARN_DIRECT_OBJC_ISA_USAGE = YES_ERROR;
				CLANG_WARN_DOCUMENTATION_COMMENTS = YES;
				CLANG_WARN_EMPTY_BODY = YES;
				CLANG_WARN_ENUM_CONVERSION = YES;
				CLANG_WARN_INFINITE_RECURSION = YES;
				CLANG_WARN_INT_CONVERSION = YES;
				CLANG_WARN_NON_LITERAL_NULL_CONVERSION = YES;
				CLANG_WARN_OBJC_IMPLICIT_RETAIN_SELF = YES;
				CLANG_WARN_OBJC_LITERAL_CONVERSION = YES;
				CLANG_WARN_OBJC_ROOT_CLASS = YES_ERROR;
				CLANG_WARN_QUOTED_INCLUDE_IN_FRAMEWORK_HEADER = YES;
				CLANG_WARN_RANGE_LOOP_ANALYSIS = YES;
				CLANG_WARN_STRICT_PROTOTYPES = YES;
				CLANG_WARN_SUSPICIOUS_MOVE = YES;
				CLANG_WARN_UNGUARDED_AVAILABILITY = YES_AGGRESSIVE;
				CLANG_WARN_UNREACHABLE_CODE = YES;
				CLANG_WARN__DUPLICATE_METHOD_MATCH = YES;
				COPY_PHASE_STRIP = NO;
				DEBUG_INFORMATION_FORMAT = dwarf;
				ENABLE_STRICT_OBJC_MSGSEND = YES;
				ENABLE_TESTABILITY = YES;
				GCC_C_LANGUAGE_STANDARD = gnu11;
				GCC_DYNAMIC_NO_PIC = NO;
				GCC_NO_COMMON_BLOCKS = YES;
				GCC_OPTIMIZATION_LEVEL = 0;
				GCC_PREPROCESSOR_DEFINITIONS = (
					"DEBUG=1",
					"$(inherited)",
				);
				GCC_WARN_64_TO_32_BIT_CONVERSION = YES;
				GCC_WARN_ABOUT_RETURN_TYPE = YES_ERROR;
				GCC_WARN_UNDECLARED_SELECTOR = YES;
				GCC_WARN_UNINITIALIZED_AUTOS = YES_AGGRESSIVE;
				GCC_WARN_UNUSED_FUNCTION = YES;
				GCC_WARN_UNUSED_VARIABLE = YES;
				IPHONEOS_DEPLOYMENT_TARGET = 15.4;
				MTL_ENABLE_DEBUG_INFO = INCLUDE_SOURCE;
				MTL_FAST_MATH = YES;
				ONLY_ACTIVE_ARCH = YES;
				SDKROOT = iphoneos;
				SWIFT_ACTIVE_COMPILATION_CONDITIONS = DEBUG;
				SWIFT_OPTIMIZATION_LEVEL = "-Onone";
			};
			name = Debug;
		};
		AD1ABAC12831907F00B3E448 /* Release */ = {
			isa = XCBuildConfiguration;
			buildSettings = {
				ALWAYS_SEARCH_USER_PATHS = NO;
				CLANG_ANALYZER_NONNULL = YES;
				CLANG_ANALYZER_NUMBER_OBJECT_CONVERSION = YES_AGGRESSIVE;
				CLANG_CXX_LANGUAGE_STANDARD = "gnu++17";
				CLANG_ENABLE_MODULES = YES;
				CLANG_ENABLE_OBJC_ARC = YES;
				CLANG_ENABLE_OBJC_WEAK = YES;
				CLANG_WARN_BLOCK_CAPTURE_AUTORELEASING = YES;
				CLANG_WARN_BOOL_CONVERSION = YES;
				CLANG_WARN_COMMA = YES;
				CLANG_WARN_CONSTANT_CONVERSION = YES;
				CLANG_WARN_DEPRECATED_OBJC_IMPLEMENTATIONS = YES;
				CLANG_WARN_DIRECT_OBJC_ISA_USAGE = YES_ERROR;
				CLANG_WARN_DOCUMENTATION_COMMENTS = YES;
				CLANG_WARN_EMPTY_BODY = YES;
				CLANG_WARN_ENUM_CONVERSION = YES;
				CLANG_WARN_INFINITE_RECURSION = YES;
				CLANG_WARN_INT_CONVERSION = YES;
				CLANG_WARN_NON_LITERAL_NULL_CONVERSION = YES;
				CLANG_WARN_OBJC_IMPLICIT_RETAIN_SELF = YES;
				CLANG_WARN_OBJC_LITERAL_CONVERSION = YES;
				CLANG_WARN_OBJC_ROOT_CLASS = YES_ERROR;
				CLANG_WARN_QUOTED_INCLUDE_IN_FRAMEWORK_HEADER = YES;
				CLANG_WARN_RANGE_LOOP_ANALYSIS = YES;
				CLANG_WARN_STRICT_PROTOTYPES = YES;
				CLANG_WARN_SUSPICIOUS_MOVE = YES;
				CLANG_WARN_UNGUARDED_AVAILABILITY = YES_AGGRESSIVE;
				CLANG_WARN_UNREACHABLE_CODE = YES;
				CLANG_WARN__DUPLICATE_METHOD_MATCH = YES;
				COPY_PHASE_STRIP = NO;
				DEBUG_INFORMATION_FORMAT = "dwarf-with-dsym";
				ENABLE_NS_ASSERTIONS = NO;
				ENABLE_STRICT_OBJC_MSGSEND = YES;
				GCC_C_LANGUAGE_STANDARD = gnu11;
				GCC_NO_COMMON_BLOCKS = YES;
				GCC_WARN_64_TO_32_BIT_CONVERSION = YES;
				GCC_WARN_ABOUT_RETURN_TYPE = YES_ERROR;
				GCC_WARN_UNDECLARED_SELECTOR = YES;
				GCC_WARN_UNINITIALIZED_AUTOS = YES_AGGRESSIVE;
				GCC_WARN_UNUSED_FUNCTION = YES;
				GCC_WARN_UNUSED_VARIABLE = YES;
				IPHONEOS_DEPLOYMENT_TARGET = 15.4;
				MTL_ENABLE_DEBUG_INFO = NO;
				MTL_FAST_MATH = YES;
				SDKROOT = iphoneos;
				SWIFT_COMPILATION_MODE = wholemodule;
				SWIFT_OPTIMIZATION_LEVEL = "-O";
				VALIDATE_PRODUCT = YES;
			};
			name = Release;
		};
		AD1ABAC32831907F00B3E448 /* Debug */ = {
			isa = XCBuildConfiguration;
			buildSettings = {
				ASSETCATALOG_COMPILER_APPICON_NAME = AppIcon;
				CODE_SIGN_STYLE = Automatic;
				CURRENT_PROJECT_VERSION = 1;
				DEVELOPMENT_TEAM = QMTD3Q9RGC;
				GENERATE_INFOPLIST_FILE = YES;
				INFOPLIST_FILE = MovieQuiz/Resources/Info.plist;
				INFOPLIST_KEY_UIApplicationSupportsIndirectInputEvents = YES;
				INFOPLIST_KEY_UILaunchStoryboardName = LaunchScreen;
				INFOPLIST_KEY_UIMainStoryboardFile = Main;
				INFOPLIST_KEY_UIStatusBarHidden = YES;
				INFOPLIST_KEY_UISupportedInterfaceOrientations = UIInterfaceOrientationPortrait;
				INFOPLIST_KEY_UISupportedInterfaceOrientations_iPad = "UIInterfaceOrientationPortrait UIInterfaceOrientationPortraitUpsideDown UIInterfaceOrientationLandscapeLeft UIInterfaceOrientationLandscapeRight";
				INFOPLIST_KEY_UISupportedInterfaceOrientations_iPhone = "UIInterfaceOrientationPortrait UIInterfaceOrientationLandscapeLeft UIInterfaceOrientationLandscapeRight";
				IPHONEOS_DEPLOYMENT_TARGET = 13.0;
				LD_RUNPATH_SEARCH_PATHS = (
					"$(inherited)",
					"@executable_path/Frameworks",
				);
				MARKETING_VERSION = 1.0;
				PRODUCT_BUNDLE_IDENTIFIER = com.yandex.practicum.MovieQuiz;
				PRODUCT_NAME = "$(TARGET_NAME)";
				SWIFT_EMIT_LOC_STRINGS = YES;
				SWIFT_VERSION = 5.0;
				TARGETED_DEVICE_FAMILY = "1,2";
			};
			name = Debug;
		};
		AD1ABAC42831907F00B3E448 /* Release */ = {
			isa = XCBuildConfiguration;
			buildSettings = {
				ASSETCATALOG_COMPILER_APPICON_NAME = AppIcon;
				CODE_SIGN_STYLE = Automatic;
				CURRENT_PROJECT_VERSION = 1;
				DEVELOPMENT_TEAM = QMTD3Q9RGC;
				GENERATE_INFOPLIST_FILE = YES;
				INFOPLIST_FILE = MovieQuiz/Resources/Info.plist;
				INFOPLIST_KEY_UIApplicationSupportsIndirectInputEvents = YES;
				INFOPLIST_KEY_UILaunchStoryboardName = LaunchScreen;
				INFOPLIST_KEY_UIMainStoryboardFile = Main;
				INFOPLIST_KEY_UIStatusBarHidden = YES;
				INFOPLIST_KEY_UISupportedInterfaceOrientations = UIInterfaceOrientationPortrait;
				INFOPLIST_KEY_UISupportedInterfaceOrientations_iPad = "UIInterfaceOrientationPortrait UIInterfaceOrientationPortraitUpsideDown UIInterfaceOrientationLandscapeLeft UIInterfaceOrientationLandscapeRight";
				INFOPLIST_KEY_UISupportedInterfaceOrientations_iPhone = "UIInterfaceOrientationPortrait UIInterfaceOrientationLandscapeLeft UIInterfaceOrientationLandscapeRight";
				IPHONEOS_DEPLOYMENT_TARGET = 13.0;
				LD_RUNPATH_SEARCH_PATHS = (
					"$(inherited)",
					"@executable_path/Frameworks",
				);
				MARKETING_VERSION = 1.0;
				PRODUCT_BUNDLE_IDENTIFIER = com.yandex.practicum.MovieQuiz;
				PRODUCT_NAME = "$(TARGET_NAME)";
				SWIFT_EMIT_LOC_STRINGS = YES;
				SWIFT_VERSION = 5.0;
				TARGETED_DEVICE_FAMILY = "1,2";
			};
			name = Release;
		};
/* End XCBuildConfiguration section */

/* Begin XCConfigurationList section */
		A5BBC38028F05031000CBFC1 /* Build configuration list for PBXNativeTarget "MovieQuizTests" */ = {
			isa = XCConfigurationList;
			buildConfigurations = (
				A5BBC38128F05031000CBFC1 /* Debug */,
				A5BBC38228F05031000CBFC1 /* Release */,
			);
			defaultConfigurationIsVisible = 0;
			defaultConfigurationName = Release;
		};
		AD1ABAA92831907B00B3E448 /* Build configuration list for PBXProject "MovieQuiz" */ = {
			isa = XCConfigurationList;
			buildConfigurations = (
				AD1ABAC02831907F00B3E448 /* Debug */,
				AD1ABAC12831907F00B3E448 /* Release */,
			);
			defaultConfigurationIsVisible = 0;
			defaultConfigurationName = Release;
		};
		AD1ABAC22831907F00B3E448 /* Build configuration list for PBXNativeTarget "MovieQuiz" */ = {
			isa = XCConfigurationList;
			buildConfigurations = (
				AD1ABAC32831907F00B3E448 /* Debug */,
				AD1ABAC42831907F00B3E448 /* Release */,
			);
			defaultConfigurationIsVisible = 0;
			defaultConfigurationName = Release;
		};
/* End XCConfigurationList section */
	};
	rootObject = AD1ABAA62831907B00B3E448 /* Project object */;
}
